
Microsoft Visual Studio Solution File, Format Version 10.00
# Visual Studio 2008
Project("{8BC9CEB8-8B4A-11D0-8D11-00A0C91BC942}") = "UDP_server", "UDP_server.vcproj", "{BB5DB0E7-ABF8-4745-ACC0-95074DFA9179}"
EndProject
Global
	GlobalSection(SolutionConfigurationPlatforms) = preSolution
		Debug|Win32 = Debug|Win32
		Release|Win32 = Release|Win32
	EndGlobalSection
	GlobalSection(ProjectConfigurationPlatforms) = postSolution
		{BB5DB0E7-ABF8-4745-ACC0-95074DFA9179}.Debug|Win32.ActiveCfg = Debug|Win32
		{BB5DB0E7-ABF8-4745-ACC0-95074DFA9179}.Debug|Win32.Build.0 = Debug|Win32
		{BB5DB0E7-ABF8-4745-ACC0-95074DFA9179}.Release|Win32.ActiveCfg = Release|Win32
		{BB5DB0E7-ABF8-4745-ACC0-95074DFA9179}.Release|Win32.Build.0 = Release|Win32
	EndGlobalSection
	GlobalSection(SolutionProperties) = preSolution
		HideSolutionNode = FALSE
	EndGlobalSection
EndGlobal
