
Microsoft Visual Studio Solution File, Format Version 10.00
# Visual Studio 2008
Project("{8BC9CEB8-8B4A-11D0-8D11-00A0C91BC942}") = "htm_to_c", "htm_to_c.vcproj", "{192DC36E-FBE2-4442-B716-6DE917292BCD}"
EndProject
Global
	GlobalSection(SolutionConfigurationPlatforms) = preSolution
		Debug|Win32 = Debug|Win32
		Release|Win32 = Release|Win32
	EndGlobalSection
	GlobalSection(ProjectConfigurationPlatforms) = postSolution
		{192DC36E-FBE2-4442-B716-6DE917292BCD}.Debug|Win32.ActiveCfg = Debug|Win32
		{192DC36E-FBE2-4442-B716-6DE917292BCD}.Debug|Win32.Build.0 = Debug|Win32
		{192DC36E-FBE2-4442-B716-6DE917292BCD}.Release|Win32.ActiveCfg = Release|Win32
		{192DC36E-FBE2-4442-B716-6DE917292BCD}.Release|Win32.Build.0 = Release|Win32
	EndGlobalSection
	GlobalSection(SolutionProperties) = preSolution
		HideSolutionNode = FALSE
	EndGlobalSection
EndGlobal
